
Microsoft Visual Studio Solution File, Format Version 12.00
# Visual Studio Version 17
VisualStudioVersion = 17.8.34309.116
MinimumVisualStudioVersion = 10.0.40219.1
Project("{9A19103F-16F7-4668-BE54-9A1E7A4F7556}") = "Business", "Business\Business.csproj", "{EEC96063-5FD6-4A6A-9332-65FDF089B5F6}"
EndProject
Project("{9A19103F-16F7-4668-BE54-9A1E7A4F7556}") = "DataAccess", "DataAccess\DataAccess.csproj", "{F0C15046-3AC6-40B8-A4B2-D9486BCFF50C}"
EndProject
Project("{FAE04EC0-301F-11D3-BF4B-00C04F79EFBC}") = "API-controllers", "API-controllers\API-controllers.csproj", "{D5BAA293-D8B0-446E-8B14-E37607265E08}"
EndProject
Global
	GlobalSection(SolutionConfigurationPlatforms) = preSolution
		Debug|Any CPU = Debug|Any CPU
		Release|Any CPU = Release|Any CPU
	EndGlobalSection
	GlobalSection(ProjectConfigurationPlatforms) = postSolution
		{EEC96063-5FD6-4A6A-9332-65FDF089B5F6}.Debug|Any CPU.ActiveCfg = Debug|Any CPU
		{EEC96063-5FD6-4A6A-9332-65FDF089B5F6}.Debug|Any CPU.Build.0 = Debug|Any CPU
		{EEC96063-5FD6-4A6A-9332-65FDF089B5F6}.Release|Any CPU.ActiveCfg = Release|Any CPU
		{EEC96063-5FD6-4A6A-9332-65FDF089B5F6}.Release|Any CPU.Build.0 = Release|Any CPU
		{F0C15046-3AC6-40B8-A4B2-D9486BCFF50C}.Debug|Any CPU.ActiveCfg = Debug|Any CPU
		{F0C15046-3AC6-40B8-A4B2-D9486BCFF50C}.Debug|Any CPU.Build.0 = Debug|Any CPU
		{F0C15046-3AC6-40B8-A4B2-D9486BCFF50C}.Release|Any CPU.ActiveCfg = Release|Any CPU
		{F0C15046-3AC6-40B8-A4B2-D9486BCFF50C}.Release|Any CPU.Build.0 = Release|Any CPU
		{D5BAA293-D8B0-446E-8B14-E37607265E08}.Debug|Any CPU.ActiveCfg = Debug|Any CPU
		{D5BAA293-D8B0-446E-8B14-E37607265E08}.Debug|Any CPU.Build.0 = Debug|Any CPU
		{D5BAA293-D8B0-446E-8B14-E37607265E08}.Release|Any CPU.ActiveCfg = Release|Any CPU
		{D5BAA293-D8B0-446E-8B14-E37607265E08}.Release|Any CPU.Build.0 = Release|Any CPU
	EndGlobalSection
	GlobalSection(SolutionProperties) = preSolution
		HideSolutionNode = FALSE
	EndGlobalSection
	GlobalSection(ExtensibilityGlobals) = postSolution
		SolutionGuid = {9DF181E9-81EC-407E-8AB3-B2808C04AEC6}
	EndGlobalSection
EndGlobal
